{
  "originHash" : "240c7502c2c666a9c08bee1e9c668c68dcf97e955e03ad25f5eb4e53a24bea9a",
  "pins" : [
    {
      "identity" : "copilotlive-sdk-ios",
      "kind" : "remoteSourceControl",
      "location" : "https://github.com/CopilotLive/copilotlive-sdk-ios",
      "state" : {
        "branch" : "2.0.2",
        "revision" : "3f9998580a2da237a01bed4e0bf9b2e4df616873"
      }
    }
  ],
  "version" : 3
}
