{
  "originHash" : "52bb3ddc512c27dfcc404e3211c9769b18b3320306acb8dc46df781a932e1216",
  "pins" : [
    {
      "identity" : "sdk-ios",
      "kind" : "remoteSourceControl",
      "location" : "https://github.com/CopilotLive/sdk-ios",
      "state" : {
        "branch" : "main",
        "revision" : "272da25444de07136b58343d29d6c04c8860fc0a"
      }
    }
  ],
  "version" : 3
}
