{
  "originHash" : "52bb3ddc512c27dfcc404e3211c9769b18b3320306acb8dc46df781a932e1216",
  "pins" : [
    {
      "identity" : "sdk-ios",
      "kind" : "remoteSourceControl",
      "location" : "https://github.com/CopilotLive/sdk-ios",
      "state" : {
        "revision" : "4a28abd51b33327aad11fee37506fdb5065c0050",
        "version" : "2.0.0"
      }
    }
  ],
  "version" : 3
}
