PODS:
  - CopilotSDK (1.0.0)

DEPENDENCIES:
  - CopilotSDK (from `https://github.com/CopilotLive/sdk-ios`, branch `feature/update_sdk`)

EXTERNAL SOURCES:
  CopilotSDK:
    :branch: feature/update_sdk
    :git: https://github.com/CopilotLive/sdk-ios

CHECKOUT OPTIONS:
  CopilotSDK:
    :commit: 2806781430606f49fe4d821aa5c5182ba3c6e96b
    :git: https://github.com/CopilotLive/sdk-ios

SPEC CHECKSUMS:
  CopilotSDK: 69aa6a7d48aa7a796a3cf4432363781082437fd5

PODFILE CHECKSUM: 3b58ceb910530323b598272d44f1274a93697a37

COCOAPODS: 1.16.2
