PODS:
  - CopilotSDK (1.1.1)

DEPENDENCIES:
  - CopilotSDK (from `https://github.com/CopilotLive/sdk-ios`, branch `main`)

EXTERNAL SOURCES:
  CopilotSDK:
    :branch: main
    :git: https://github.com/CopilotLive/sdk-ios

CHECKOUT OPTIONS:
  CopilotSDK:
    :commit: 272da25444de07136b58343d29d6c04c8860fc0a
    :git: https://github.com/CopilotLive/sdk-ios

SPEC CHECKSUMS:
  CopilotSDK: ac20583c7bfbe4358ea8da3e94d85f5a96f2d59c

PODFILE CHECKSUM: 2502855815f433eab7beaa4b0016ef3de559dc11

COCOAPODS: 1.16.2
